
Microsoft Visual Studio Solution File, Format Version 12.00
# Visual Studio 15
VisualStudioVersion = 15.0.26730.12
MinimumVisualStudioVersion = 10.0.40219.1
Project("{FAE04EC0-301F-11D3-BF4B-00C04F79EFBC}") = "EncounterDetection", "EncounterDetection\EncounterDetection.csproj", "{A36A9504-DD34-4C5C-A1E5-BFF7528344F0}"
EndProject
Project("{FAE04EC0-301F-11D3-BF4B-00C04F79EFBC}") = "Testing", "Testing\Testing.csproj", "{A610B179-882F-4DE5-AF4D-92799B1ECB41}"
EndProject
Project("{FAE04EC0-301F-11D3-BF4B-00C04F79EFBC}") = "SpatialAnalysis", "..\..\dga-spatialanalysis\Spatialanalysis\SpatialAnalysis\SpatialAnalysis.csproj", "{6B5B8F00-F0BA-4AC2-AF69-6C851628EF59}"
EndProject
Project("{FAE04EC0-301F-11D3-BF4B-00C04F79EFBC}") = "SpatialMath", "..\..\dga-mathnet\src\Spatial\SpatialMath.csproj", "{1F3364C6-9DA3-4006-B83F-6D1335099895}"
EndProject
Project("{FAE04EC0-301F-11D3-BF4B-00C04F79EFBC}") = "JsonParsing", "..\..\dga-json\Json\JsonParsing\JsonParsing.csproj", "{09043B53-0BC3-44CC-AE5D-1BB3BD446D20}"
EndProject
Project("{FAE04EC0-301F-11D3-BF4B-00C04F79EFBC}") = "Data", "Data\Data.csproj", "{190D2940-9E01-46FE-97E0-4B1A30AF923B}"
EndProject
Global
	GlobalSection(SolutionConfigurationPlatforms) = preSolution
		Bitstream-Debugging|Any CPU = Bitstream-Debugging|Any CPU
		Bitstream-Debugging|ARM = Bitstream-Debugging|ARM
		Bitstream-Debugging|x64 = Bitstream-Debugging|x64
		Bitstream-Debugging|x86 = Bitstream-Debugging|x86
		Debug|Any CPU = Debug|Any CPU
		Debug|ARM = Debug|ARM
		Debug|x64 = Debug|x64
		Debug|x86 = Debug|x86
		Release|Any CPU = Release|Any CPU
		Release|ARM = Release|ARM
		Release|x64 = Release|x64
		Release|x86 = Release|x86
		SavePropValues|Any CPU = SavePropValues|Any CPU
		SavePropValues|ARM = SavePropValues|ARM
		SavePropValues|x64 = SavePropValues|x64
		SavePropValues|x86 = SavePropValues|x86
		YoloDebug|Any CPU = YoloDebug|Any CPU
		YoloDebug|ARM = YoloDebug|ARM
		YoloDebug|x64 = YoloDebug|x64
		YoloDebug|x86 = YoloDebug|x86
	EndGlobalSection
	GlobalSection(ProjectConfigurationPlatforms) = postSolution
		{A36A9504-DD34-4C5C-A1E5-BFF7528344F0}.Bitstream-Debugging|Any CPU.ActiveCfg = Debug|Any CPU
		{A36A9504-DD34-4C5C-A1E5-BFF7528344F0}.Bitstream-Debugging|Any CPU.Build.0 = Debug|Any CPU
		{A36A9504-DD34-4C5C-A1E5-BFF7528344F0}.Bitstream-Debugging|ARM.ActiveCfg = Debug|Any CPU
		{A36A9504-DD34-4C5C-A1E5-BFF7528344F0}.Bitstream-Debugging|ARM.Build.0 = Debug|Any CPU
		{A36A9504-DD34-4C5C-A1E5-BFF7528344F0}.Bitstream-Debugging|x64.ActiveCfg = Debug|Any CPU
		{A36A9504-DD34-4C5C-A1E5-BFF7528344F0}.Bitstream-Debugging|x64.Build.0 = Debug|Any CPU
		{A36A9504-DD34-4C5C-A1E5-BFF7528344F0}.Bitstream-Debugging|x86.ActiveCfg = Debug|x86
		{A36A9504-DD34-4C5C-A1E5-BFF7528344F0}.Bitstream-Debugging|x86.Build.0 = Debug|x86
		{A36A9504-DD34-4C5C-A1E5-BFF7528344F0}.Debug|Any CPU.ActiveCfg = Debug|Any CPU
		{A36A9504-DD34-4C5C-A1E5-BFF7528344F0}.Debug|Any CPU.Build.0 = Debug|Any CPU
		{A36A9504-DD34-4C5C-A1E5-BFF7528344F0}.Debug|ARM.ActiveCfg = Debug|Any CPU
		{A36A9504-DD34-4C5C-A1E5-BFF7528344F0}.Debug|ARM.Build.0 = Debug|Any CPU
		{A36A9504-DD34-4C5C-A1E5-BFF7528344F0}.Debug|x64.ActiveCfg = Debug|Any CPU
		{A36A9504-DD34-4C5C-A1E5-BFF7528344F0}.Debug|x64.Build.0 = Debug|Any CPU
		{A36A9504-DD34-4C5C-A1E5-BFF7528344F0}.Debug|x86.ActiveCfg = Debug|x86
		{A36A9504-DD34-4C5C-A1E5-BFF7528344F0}.Debug|x86.Build.0 = Debug|x86
		{A36A9504-DD34-4C5C-A1E5-BFF7528344F0}.Release|Any CPU.ActiveCfg = Release|Any CPU
		{A36A9504-DD34-4C5C-A1E5-BFF7528344F0}.Release|Any CPU.Build.0 = Release|Any CPU
		{A36A9504-DD34-4C5C-A1E5-BFF7528344F0}.Release|ARM.ActiveCfg = Release|Any CPU
		{A36A9504-DD34-4C5C-A1E5-BFF7528344F0}.Release|ARM.Build.0 = Release|Any CPU
		{A36A9504-DD34-4C5C-A1E5-BFF7528344F0}.Release|x64.ActiveCfg = Release|Any CPU
		{A36A9504-DD34-4C5C-A1E5-BFF7528344F0}.Release|x64.Build.0 = Release|Any CPU
		{A36A9504-DD34-4C5C-A1E5-BFF7528344F0}.Release|x86.ActiveCfg = Release|Any CPU
		{A36A9504-DD34-4C5C-A1E5-BFF7528344F0}.Release|x86.Build.0 = Release|Any CPU
		{A36A9504-DD34-4C5C-A1E5-BFF7528344F0}.SavePropValues|Any CPU.ActiveCfg = Release|Any CPU
		{A36A9504-DD34-4C5C-A1E5-BFF7528344F0}.SavePropValues|Any CPU.Build.0 = Release|Any CPU
		{A36A9504-DD34-4C5C-A1E5-BFF7528344F0}.SavePropValues|ARM.ActiveCfg = Release|Any CPU
		{A36A9504-DD34-4C5C-A1E5-BFF7528344F0}.SavePropValues|ARM.Build.0 = Release|Any CPU
		{A36A9504-DD34-4C5C-A1E5-BFF7528344F0}.SavePropValues|x64.ActiveCfg = Release|Any CPU
		{A36A9504-DD34-4C5C-A1E5-BFF7528344F0}.SavePropValues|x64.Build.0 = Release|Any CPU
		{A36A9504-DD34-4C5C-A1E5-BFF7528344F0}.SavePropValues|x86.ActiveCfg = Release|x86
		{A36A9504-DD34-4C5C-A1E5-BFF7528344F0}.SavePropValues|x86.Build.0 = Release|x86
		{A36A9504-DD34-4C5C-A1E5-BFF7528344F0}.YoloDebug|Any CPU.ActiveCfg = Debug|Any CPU
		{A36A9504-DD34-4C5C-A1E5-BFF7528344F0}.YoloDebug|Any CPU.Build.0 = Debug|Any CPU
		{A36A9504-DD34-4C5C-A1E5-BFF7528344F0}.YoloDebug|ARM.ActiveCfg = Debug|Any CPU
		{A36A9504-DD34-4C5C-A1E5-BFF7528344F0}.YoloDebug|ARM.Build.0 = Debug|Any CPU
		{A36A9504-DD34-4C5C-A1E5-BFF7528344F0}.YoloDebug|x64.ActiveCfg = Debug|Any CPU
		{A36A9504-DD34-4C5C-A1E5-BFF7528344F0}.YoloDebug|x64.Build.0 = Debug|Any CPU
		{A36A9504-DD34-4C5C-A1E5-BFF7528344F0}.YoloDebug|x86.ActiveCfg = Debug|x86
		{A36A9504-DD34-4C5C-A1E5-BFF7528344F0}.YoloDebug|x86.Build.0 = Debug|x86
		{A610B179-882F-4DE5-AF4D-92799B1ECB41}.Bitstream-Debugging|Any CPU.ActiveCfg = Debug|Any CPU
		{A610B179-882F-4DE5-AF4D-92799B1ECB41}.Bitstream-Debugging|Any CPU.Build.0 = Debug|Any CPU
		{A610B179-882F-4DE5-AF4D-92799B1ECB41}.Bitstream-Debugging|ARM.ActiveCfg = Debug|Any CPU
		{A610B179-882F-4DE5-AF4D-92799B1ECB41}.Bitstream-Debugging|ARM.Build.0 = Debug|Any CPU
		{A610B179-882F-4DE5-AF4D-92799B1ECB41}.Bitstream-Debugging|x64.ActiveCfg = Debug|Any CPU
		{A610B179-882F-4DE5-AF4D-92799B1ECB41}.Bitstream-Debugging|x64.Build.0 = Debug|Any CPU
		{A610B179-882F-4DE5-AF4D-92799B1ECB41}.Bitstream-Debugging|x86.ActiveCfg = Debug|x86
		{A610B179-882F-4DE5-AF4D-92799B1ECB41}.Bitstream-Debugging|x86.Build.0 = Debug|x86
		{A610B179-882F-4DE5-AF4D-92799B1ECB41}.Debug|Any CPU.ActiveCfg = Debug|Any CPU
		{A610B179-882F-4DE5-AF4D-92799B1ECB41}.Debug|Any CPU.Build.0 = Debug|Any CPU
		{A610B179-882F-4DE5-AF4D-92799B1ECB41}.Debug|ARM.ActiveCfg = Debug|Any CPU
		{A610B179-882F-4DE5-AF4D-92799B1ECB41}.Debug|ARM.Build.0 = Debug|Any CPU
		{A610B179-882F-4DE5-AF4D-92799B1ECB41}.Debug|x64.ActiveCfg = Debug|Any CPU
		{A610B179-882F-4DE5-AF4D-92799B1ECB41}.Debug|x64.Build.0 = Debug|Any CPU
		{A610B179-882F-4DE5-AF4D-92799B1ECB41}.Debug|x86.ActiveCfg = Debug|x86
		{A610B179-882F-4DE5-AF4D-92799B1ECB41}.Debug|x86.Build.0 = Debug|x86
		{A610B179-882F-4DE5-AF4D-92799B1ECB41}.Release|Any CPU.ActiveCfg = Release|Any CPU
		{A610B179-882F-4DE5-AF4D-92799B1ECB41}.Release|Any CPU.Build.0 = Release|Any CPU
		{A610B179-882F-4DE5-AF4D-92799B1ECB41}.Release|ARM.ActiveCfg = Release|Any CPU
		{A610B179-882F-4DE5-AF4D-92799B1ECB41}.Release|ARM.Build.0 = Release|Any CPU
		{A610B179-882F-4DE5-AF4D-92799B1ECB41}.Release|x64.ActiveCfg = Release|Any CPU
		{A610B179-882F-4DE5-AF4D-92799B1ECB41}.Release|x64.Build.0 = Release|Any CPU
		{A610B179-882F-4DE5-AF4D-92799B1ECB41}.Release|x86.ActiveCfg = Release|Any CPU
		{A610B179-882F-4DE5-AF4D-92799B1ECB41}.Release|x86.Build.0 = Release|Any CPU
		{A610B179-882F-4DE5-AF4D-92799B1ECB41}.SavePropValues|Any CPU.ActiveCfg = Release|Any CPU
		{A610B179-882F-4DE5-AF4D-92799B1ECB41}.SavePropValues|Any CPU.Build.0 = Release|Any CPU
		{A610B179-882F-4DE5-AF4D-92799B1ECB41}.SavePropValues|ARM.ActiveCfg = Release|Any CPU
		{A610B179-882F-4DE5-AF4D-92799B1ECB41}.SavePropValues|ARM.Build.0 = Release|Any CPU
		{A610B179-882F-4DE5-AF4D-92799B1ECB41}.SavePropValues|x64.ActiveCfg = Release|Any CPU
		{A610B179-882F-4DE5-AF4D-92799B1ECB41}.SavePropValues|x64.Build.0 = Release|Any CPU
		{A610B179-882F-4DE5-AF4D-92799B1ECB41}.SavePropValues|x86.ActiveCfg = Release|x86
		{A610B179-882F-4DE5-AF4D-92799B1ECB41}.SavePropValues|x86.Build.0 = Release|x86
		{A610B179-882F-4DE5-AF4D-92799B1ECB41}.YoloDebug|Any CPU.ActiveCfg = Debug|Any CPU
		{A610B179-882F-4DE5-AF4D-92799B1ECB41}.YoloDebug|Any CPU.Build.0 = Debug|Any CPU
		{A610B179-882F-4DE5-AF4D-92799B1ECB41}.YoloDebug|ARM.ActiveCfg = Debug|Any CPU
		{A610B179-882F-4DE5-AF4D-92799B1ECB41}.YoloDebug|ARM.Build.0 = Debug|Any CPU
		{A610B179-882F-4DE5-AF4D-92799B1ECB41}.YoloDebug|x64.ActiveCfg = Debug|Any CPU
		{A610B179-882F-4DE5-AF4D-92799B1ECB41}.YoloDebug|x64.Build.0 = Debug|Any CPU
		{A610B179-882F-4DE5-AF4D-92799B1ECB41}.YoloDebug|x86.ActiveCfg = Debug|x86
		{A610B179-882F-4DE5-AF4D-92799B1ECB41}.YoloDebug|x86.Build.0 = Debug|x86
		{6B5B8F00-F0BA-4AC2-AF69-6C851628EF59}.Bitstream-Debugging|Any CPU.ActiveCfg = Debug|Any CPU
		{6B5B8F00-F0BA-4AC2-AF69-6C851628EF59}.Bitstream-Debugging|Any CPU.Build.0 = Debug|Any CPU
		{6B5B8F00-F0BA-4AC2-AF69-6C851628EF59}.Bitstream-Debugging|ARM.ActiveCfg = Debug|Any CPU
		{6B5B8F00-F0BA-4AC2-AF69-6C851628EF59}.Bitstream-Debugging|ARM.Build.0 = Debug|Any CPU
		{6B5B8F00-F0BA-4AC2-AF69-6C851628EF59}.Bitstream-Debugging|x64.ActiveCfg = Debug|Any CPU
		{6B5B8F00-F0BA-4AC2-AF69-6C851628EF59}.Bitstream-Debugging|x64.Build.0 = Debug|Any CPU
		{6B5B8F00-F0BA-4AC2-AF69-6C851628EF59}.Bitstream-Debugging|x86.ActiveCfg = Debug|x86
		{6B5B8F00-F0BA-4AC2-AF69-6C851628EF59}.Bitstream-Debugging|x86.Build.0 = Debug|x86
		{6B5B8F00-F0BA-4AC2-AF69-6C851628EF59}.Debug|Any CPU.ActiveCfg = Debug|Any CPU
		{6B5B8F00-F0BA-4AC2-AF69-6C851628EF59}.Debug|Any CPU.Build.0 = Debug|Any CPU
		{6B5B8F00-F0BA-4AC2-AF69-6C851628EF59}.Debug|ARM.ActiveCfg = Debug|Any CPU
		{6B5B8F00-F0BA-4AC2-AF69-6C851628EF59}.Debug|ARM.Build.0 = Debug|Any CPU
		{6B5B8F00-F0BA-4AC2-AF69-6C851628EF59}.Debug|x64.ActiveCfg = Debug|Any CPU
		{6B5B8F00-F0BA-4AC2-AF69-6C851628EF59}.Debug|x64.Build.0 = Debug|Any CPU
		{6B5B8F00-F0BA-4AC2-AF69-6C851628EF59}.Debug|x86.ActiveCfg = Debug|x86
		{6B5B8F00-F0BA-4AC2-AF69-6C851628EF59}.Debug|x86.Build.0 = Debug|x86
		{6B5B8F00-F0BA-4AC2-AF69-6C851628EF59}.Release|Any CPU.ActiveCfg = Release|Any CPU
		{6B5B8F00-F0BA-4AC2-AF69-6C851628EF59}.Release|Any CPU.Build.0 = Release|Any CPU
		{6B5B8F00-F0BA-4AC2-AF69-6C851628EF59}.Release|ARM.ActiveCfg = Release|Any CPU
		{6B5B8F00-F0BA-4AC2-AF69-6C851628EF59}.Release|ARM.Build.0 = Release|Any CPU
		{6B5B8F00-F0BA-4AC2-AF69-6C851628EF59}.Release|x64.ActiveCfg = Release|Any CPU
		{6B5B8F00-F0BA-4AC2-AF69-6C851628EF59}.Release|x64.Build.0 = Release|Any CPU
		{6B5B8F00-F0BA-4AC2-AF69-6C851628EF59}.Release|x86.ActiveCfg = Release|Any CPU
		{6B5B8F00-F0BA-4AC2-AF69-6C851628EF59}.Release|x86.Build.0 = Release|Any CPU
		{6B5B8F00-F0BA-4AC2-AF69-6C851628EF59}.SavePropValues|Any CPU.ActiveCfg = Release|Any CPU
		{6B5B8F00-F0BA-4AC2-AF69-6C851628EF59}.SavePropValues|Any CPU.Build.0 = Release|Any CPU
		{6B5B8F00-F0BA-4AC2-AF69-6C851628EF59}.SavePropValues|ARM.ActiveCfg = Release|Any CPU
		{6B5B8F00-F0BA-4AC2-AF69-6C851628EF59}.SavePropValues|ARM.Build.0 = Release|Any CPU
		{6B5B8F00-F0BA-4AC2-AF69-6C851628EF59}.SavePropValues|x64.ActiveCfg = Release|Any CPU
		{6B5B8F00-F0BA-4AC2-AF69-6C851628EF59}.SavePropValues|x64.Build.0 = Release|Any CPU
		{6B5B8F00-F0BA-4AC2-AF69-6C851628EF59}.SavePropValues|x86.ActiveCfg = Release|x86
		{6B5B8F00-F0BA-4AC2-AF69-6C851628EF59}.SavePropValues|x86.Build.0 = Release|x86
		{6B5B8F00-F0BA-4AC2-AF69-6C851628EF59}.YoloDebug|Any CPU.ActiveCfg = Debug|Any CPU
		{6B5B8F00-F0BA-4AC2-AF69-6C851628EF59}.YoloDebug|Any CPU.Build.0 = Debug|Any CPU
		{6B5B8F00-F0BA-4AC2-AF69-6C851628EF59}.YoloDebug|ARM.ActiveCfg = Debug|Any CPU
		{6B5B8F00-F0BA-4AC2-AF69-6C851628EF59}.YoloDebug|ARM.Build.0 = Debug|Any CPU
		{6B5B8F00-F0BA-4AC2-AF69-6C851628EF59}.YoloDebug|x64.ActiveCfg = Debug|Any CPU
		{6B5B8F00-F0BA-4AC2-AF69-6C851628EF59}.YoloDebug|x64.Build.0 = Debug|Any CPU
		{6B5B8F00-F0BA-4AC2-AF69-6C851628EF59}.YoloDebug|x86.ActiveCfg = Debug|x86
		{6B5B8F00-F0BA-4AC2-AF69-6C851628EF59}.YoloDebug|x86.Build.0 = Debug|x86
		{1F3364C6-9DA3-4006-B83F-6D1335099895}.Bitstream-Debugging|Any CPU.ActiveCfg = Debug|Any CPU
		{1F3364C6-9DA3-4006-B83F-6D1335099895}.Bitstream-Debugging|Any CPU.Build.0 = Debug|Any CPU
		{1F3364C6-9DA3-4006-B83F-6D1335099895}.Bitstream-Debugging|ARM.ActiveCfg = Debug|Any CPU
		{1F3364C6-9DA3-4006-B83F-6D1335099895}.Bitstream-Debugging|ARM.Build.0 = Debug|Any CPU
		{1F3364C6-9DA3-4006-B83F-6D1335099895}.Bitstream-Debugging|x64.ActiveCfg = Debug|Any CPU
		{1F3364C6-9DA3-4006-B83F-6D1335099895}.Bitstream-Debugging|x64.Build.0 = Debug|Any CPU
		{1F3364C6-9DA3-4006-B83F-6D1335099895}.Bitstream-Debugging|x86.ActiveCfg = Debug|x86
		{1F3364C6-9DA3-4006-B83F-6D1335099895}.Bitstream-Debugging|x86.Build.0 = Debug|x86
		{1F3364C6-9DA3-4006-B83F-6D1335099895}.Debug|Any CPU.ActiveCfg = Debug|Any CPU
		{1F3364C6-9DA3-4006-B83F-6D1335099895}.Debug|Any CPU.Build.0 = Debug|Any CPU
		{1F3364C6-9DA3-4006-B83F-6D1335099895}.Debug|ARM.ActiveCfg = Debug|Any CPU
		{1F3364C6-9DA3-4006-B83F-6D1335099895}.Debug|ARM.Build.0 = Debug|Any CPU
		{1F3364C6-9DA3-4006-B83F-6D1335099895}.Debug|x64.ActiveCfg = Debug|Any CPU
		{1F3364C6-9DA3-4006-B83F-6D1335099895}.Debug|x64.Build.0 = Debug|Any CPU
		{1F3364C6-9DA3-4006-B83F-6D1335099895}.Debug|x86.ActiveCfg = Debug|x86
		{1F3364C6-9DA3-4006-B83F-6D1335099895}.Debug|x86.Build.0 = Debug|x86
		{1F3364C6-9DA3-4006-B83F-6D1335099895}.Release|Any CPU.ActiveCfg = Release|Any CPU
		{1F3364C6-9DA3-4006-B83F-6D1335099895}.Release|Any CPU.Build.0 = Release|Any CPU
		{1F3364C6-9DA3-4006-B83F-6D1335099895}.Release|ARM.ActiveCfg = Release|Any CPU
		{1F3364C6-9DA3-4006-B83F-6D1335099895}.Release|ARM.Build.0 = Release|Any CPU
		{1F3364C6-9DA3-4006-B83F-6D1335099895}.Release|x64.ActiveCfg = Release|Any CPU
		{1F3364C6-9DA3-4006-B83F-6D1335099895}.Release|x64.Build.0 = Release|Any CPU
		{1F3364C6-9DA3-4006-B83F-6D1335099895}.Release|x86.ActiveCfg = Release|Any CPU
		{1F3364C6-9DA3-4006-B83F-6D1335099895}.Release|x86.Build.0 = Release|Any CPU
		{1F3364C6-9DA3-4006-B83F-6D1335099895}.SavePropValues|Any CPU.ActiveCfg = Release|Any CPU
		{1F3364C6-9DA3-4006-B83F-6D1335099895}.SavePropValues|Any CPU.Build.0 = Release|Any CPU
		{1F3364C6-9DA3-4006-B83F-6D1335099895}.SavePropValues|ARM.ActiveCfg = Release|Any CPU
		{1F3364C6-9DA3-4006-B83F-6D1335099895}.SavePropValues|ARM.Build.0 = Release|Any CPU
		{1F3364C6-9DA3-4006-B83F-6D1335099895}.SavePropValues|x64.ActiveCfg = Release|Any CPU
		{1F3364C6-9DA3-4006-B83F-6D1335099895}.SavePropValues|x64.Build.0 = Release|Any CPU
		{1F3364C6-9DA3-4006-B83F-6D1335099895}.SavePropValues|x86.ActiveCfg = Debug|x86
		{1F3364C6-9DA3-4006-B83F-6D1335099895}.SavePropValues|x86.Build.0 = Debug|x86
		{1F3364C6-9DA3-4006-B83F-6D1335099895}.YoloDebug|Any CPU.ActiveCfg = Debug|Any CPU
		{1F3364C6-9DA3-4006-B83F-6D1335099895}.YoloDebug|Any CPU.Build.0 = Debug|Any CPU
		{1F3364C6-9DA3-4006-B83F-6D1335099895}.YoloDebug|ARM.ActiveCfg = Debug|Any CPU
		{1F3364C6-9DA3-4006-B83F-6D1335099895}.YoloDebug|ARM.Build.0 = Debug|Any CPU
		{1F3364C6-9DA3-4006-B83F-6D1335099895}.YoloDebug|x64.ActiveCfg = Debug|Any CPU
		{1F3364C6-9DA3-4006-B83F-6D1335099895}.YoloDebug|x64.Build.0 = Debug|Any CPU
		{1F3364C6-9DA3-4006-B83F-6D1335099895}.YoloDebug|x86.ActiveCfg = Debug|x86
		{1F3364C6-9DA3-4006-B83F-6D1335099895}.YoloDebug|x86.Build.0 = Debug|x86
		{09043B53-0BC3-44CC-AE5D-1BB3BD446D20}.Bitstream-Debugging|Any CPU.ActiveCfg = Debug|Any CPU
		{09043B53-0BC3-44CC-AE5D-1BB3BD446D20}.Bitstream-Debugging|Any CPU.Build.0 = Debug|Any CPU
		{09043B53-0BC3-44CC-AE5D-1BB3BD446D20}.Bitstream-Debugging|ARM.ActiveCfg = Debug|Any CPU
		{09043B53-0BC3-44CC-AE5D-1BB3BD446D20}.Bitstream-Debugging|ARM.Build.0 = Debug|Any CPU
		{09043B53-0BC3-44CC-AE5D-1BB3BD446D20}.Bitstream-Debugging|x64.ActiveCfg = Debug|Any CPU
		{09043B53-0BC3-44CC-AE5D-1BB3BD446D20}.Bitstream-Debugging|x64.Build.0 = Debug|Any CPU
		{09043B53-0BC3-44CC-AE5D-1BB3BD446D20}.Bitstream-Debugging|x86.ActiveCfg = Debug|x86
		{09043B53-0BC3-44CC-AE5D-1BB3BD446D20}.Bitstream-Debugging|x86.Build.0 = Debug|x86
		{09043B53-0BC3-44CC-AE5D-1BB3BD446D20}.Debug|Any CPU.ActiveCfg = Debug|Any CPU
		{09043B53-0BC3-44CC-AE5D-1BB3BD446D20}.Debug|Any CPU.Build.0 = Debug|Any CPU
		{09043B53-0BC3-44CC-AE5D-1BB3BD446D20}.Debug|ARM.ActiveCfg = Debug|Any CPU
		{09043B53-0BC3-44CC-AE5D-1BB3BD446D20}.Debug|ARM.Build.0 = Debug|Any CPU
		{09043B53-0BC3-44CC-AE5D-1BB3BD446D20}.Debug|x64.ActiveCfg = Debug|Any CPU
		{09043B53-0BC3-44CC-AE5D-1BB3BD446D20}.Debug|x64.Build.0 = Debug|Any CPU
		{09043B53-0BC3-44CC-AE5D-1BB3BD446D20}.Debug|x86.ActiveCfg = Debug|x86
		{09043B53-0BC3-44CC-AE5D-1BB3BD446D20}.Debug|x86.Build.0 = Debug|x86
		{09043B53-0BC3-44CC-AE5D-1BB3BD446D20}.Release|Any CPU.ActiveCfg = Release|Any CPU
		{09043B53-0BC3-44CC-AE5D-1BB3BD446D20}.Release|Any CPU.Build.0 = Release|Any CPU
		{09043B53-0BC3-44CC-AE5D-1BB3BD446D20}.Release|ARM.ActiveCfg = Release|Any CPU
		{09043B53-0BC3-44CC-AE5D-1BB3BD446D20}.Release|ARM.Build.0 = Release|Any CPU
		{09043B53-0BC3-44CC-AE5D-1BB3BD446D20}.Release|x64.ActiveCfg = Release|Any CPU
		{09043B53-0BC3-44CC-AE5D-1BB3BD446D20}.Release|x64.Build.0 = Release|Any CPU
		{09043B53-0BC3-44CC-AE5D-1BB3BD446D20}.Release|x86.ActiveCfg = Release|Any CPU
		{09043B53-0BC3-44CC-AE5D-1BB3BD446D20}.Release|x86.Build.0 = Release|Any CPU
		{09043B53-0BC3-44CC-AE5D-1BB3BD446D20}.SavePropValues|Any CPU.ActiveCfg = Release|Any CPU
		{09043B53-0BC3-44CC-AE5D-1BB3BD446D20}.SavePropValues|Any CPU.Build.0 = Release|Any CPU
		{09043B53-0BC3-44CC-AE5D-1BB3BD446D20}.SavePropValues|ARM.ActiveCfg = Release|Any CPU
		{09043B53-0BC3-44CC-AE5D-1BB3BD446D20}.SavePropValues|ARM.Build.0 = Release|Any CPU
		{09043B53-0BC3-44CC-AE5D-1BB3BD446D20}.SavePropValues|x64.ActiveCfg = Release|Any CPU
		{09043B53-0BC3-44CC-AE5D-1BB3BD446D20}.SavePropValues|x64.Build.0 = Release|Any CPU
		{09043B53-0BC3-44CC-AE5D-1BB3BD446D20}.SavePropValues|x86.ActiveCfg = Release|x86
		{09043B53-0BC3-44CC-AE5D-1BB3BD446D20}.SavePropValues|x86.Build.0 = Release|x86
		{09043B53-0BC3-44CC-AE5D-1BB3BD446D20}.YoloDebug|Any CPU.ActiveCfg = Debug|Any CPU
		{09043B53-0BC3-44CC-AE5D-1BB3BD446D20}.YoloDebug|Any CPU.Build.0 = Debug|Any CPU
		{09043B53-0BC3-44CC-AE5D-1BB3BD446D20}.YoloDebug|ARM.ActiveCfg = Debug|Any CPU
		{09043B53-0BC3-44CC-AE5D-1BB3BD446D20}.YoloDebug|ARM.Build.0 = Debug|Any CPU
		{09043B53-0BC3-44CC-AE5D-1BB3BD446D20}.YoloDebug|x64.ActiveCfg = Debug|Any CPU
		{09043B53-0BC3-44CC-AE5D-1BB3BD446D20}.YoloDebug|x64.Build.0 = Debug|Any CPU
		{09043B53-0BC3-44CC-AE5D-1BB3BD446D20}.YoloDebug|x86.ActiveCfg = Debug|x86
		{09043B53-0BC3-44CC-AE5D-1BB3BD446D20}.YoloDebug|x86.Build.0 = Debug|x86
		{190D2940-9E01-46FE-97E0-4B1A30AF923B}.Bitstream-Debugging|Any CPU.ActiveCfg = Debug|Any CPU
		{190D2940-9E01-46FE-97E0-4B1A30AF923B}.Bitstream-Debugging|Any CPU.Build.0 = Debug|Any CPU
		{190D2940-9E01-46FE-97E0-4B1A30AF923B}.Bitstream-Debugging|ARM.ActiveCfg = Debug|Any CPU
		{190D2940-9E01-46FE-97E0-4B1A30AF923B}.Bitstream-Debugging|ARM.Build.0 = Debug|Any CPU
		{190D2940-9E01-46FE-97E0-4B1A30AF923B}.Bitstream-Debugging|x64.ActiveCfg = Debug|Any CPU
		{190D2940-9E01-46FE-97E0-4B1A30AF923B}.Bitstream-Debugging|x64.Build.0 = Debug|Any CPU
		{190D2940-9E01-46FE-97E0-4B1A30AF923B}.Bitstream-Debugging|x86.ActiveCfg = Debug|Any CPU
		{190D2940-9E01-46FE-97E0-4B1A30AF923B}.Bitstream-Debugging|x86.Build.0 = Debug|Any CPU
		{190D2940-9E01-46FE-97E0-4B1A30AF923B}.Debug|Any CPU.ActiveCfg = Debug|Any CPU
		{190D2940-9E01-46FE-97E0-4B1A30AF923B}.Debug|Any CPU.Build.0 = Debug|Any CPU
		{190D2940-9E01-46FE-97E0-4B1A30AF923B}.Debug|ARM.ActiveCfg = Debug|Any CPU
		{190D2940-9E01-46FE-97E0-4B1A30AF923B}.Debug|ARM.Build.0 = Debug|Any CPU
		{190D2940-9E01-46FE-97E0-4B1A30AF923B}.Debug|x64.ActiveCfg = Debug|Any CPU
		{190D2940-9E01-46FE-97E0-4B1A30AF923B}.Debug|x64.Build.0 = Debug|Any CPU
		{190D2940-9E01-46FE-97E0-4B1A30AF923B}.Debug|x86.ActiveCfg = Debug|Any CPU
		{190D2940-9E01-46FE-97E0-4B1A30AF923B}.Debug|x86.Build.0 = Debug|Any CPU
		{190D2940-9E01-46FE-97E0-4B1A30AF923B}.Release|Any CPU.ActiveCfg = Release|Any CPU
		{190D2940-9E01-46FE-97E0-4B1A30AF923B}.Release|Any CPU.Build.0 = Release|Any CPU
		{190D2940-9E01-46FE-97E0-4B1A30AF923B}.Release|ARM.ActiveCfg = Release|Any CPU
		{190D2940-9E01-46FE-97E0-4B1A30AF923B}.Release|ARM.Build.0 = Release|Any CPU
		{190D2940-9E01-46FE-97E0-4B1A30AF923B}.Release|x64.ActiveCfg = Release|Any CPU
		{190D2940-9E01-46FE-97E0-4B1A30AF923B}.Release|x64.Build.0 = Release|Any CPU
		{190D2940-9E01-46FE-97E0-4B1A30AF923B}.Release|x86.ActiveCfg = Release|Any CPU
		{190D2940-9E01-46FE-97E0-4B1A30AF923B}.Release|x86.Build.0 = Release|Any CPU
		{190D2940-9E01-46FE-97E0-4B1A30AF923B}.SavePropValues|Any CPU.ActiveCfg = Release|Any CPU
		{190D2940-9E01-46FE-97E0-4B1A30AF923B}.SavePropValues|Any CPU.Build.0 = Release|Any CPU
		{190D2940-9E01-46FE-97E0-4B1A30AF923B}.SavePropValues|ARM.ActiveCfg = Release|Any CPU
		{190D2940-9E01-46FE-97E0-4B1A30AF923B}.SavePropValues|ARM.Build.0 = Release|Any CPU
		{190D2940-9E01-46FE-97E0-4B1A30AF923B}.SavePropValues|x64.ActiveCfg = Release|Any CPU
		{190D2940-9E01-46FE-97E0-4B1A30AF923B}.SavePropValues|x64.Build.0 = Release|Any CPU
		{190D2940-9E01-46FE-97E0-4B1A30AF923B}.SavePropValues|x86.ActiveCfg = Release|Any CPU
		{190D2940-9E01-46FE-97E0-4B1A30AF923B}.SavePropValues|x86.Build.0 = Release|Any CPU
		{190D2940-9E01-46FE-97E0-4B1A30AF923B}.YoloDebug|Any CPU.ActiveCfg = Debug|Any CPU
		{190D2940-9E01-46FE-97E0-4B1A30AF923B}.YoloDebug|Any CPU.Build.0 = Debug|Any CPU
		{190D2940-9E01-46FE-97E0-4B1A30AF923B}.YoloDebug|ARM.ActiveCfg = Debug|Any CPU
		{190D2940-9E01-46FE-97E0-4B1A30AF923B}.YoloDebug|ARM.Build.0 = Debug|Any CPU
		{190D2940-9E01-46FE-97E0-4B1A30AF923B}.YoloDebug|x64.ActiveCfg = Debug|Any CPU
		{190D2940-9E01-46FE-97E0-4B1A30AF923B}.YoloDebug|x64.Build.0 = Debug|Any CPU
		{190D2940-9E01-46FE-97E0-4B1A30AF923B}.YoloDebug|x86.ActiveCfg = Debug|Any CPU
		{190D2940-9E01-46FE-97E0-4B1A30AF923B}.YoloDebug|x86.Build.0 = Debug|Any CPU
	EndGlobalSection
	GlobalSection(SolutionProperties) = preSolution
		HideSolutionNode = FALSE
	EndGlobalSection
	GlobalSection(ExtensibilityGlobals) = postSolution
		SolutionGuid = {99E47F67-D2A1-4A00-A4CE-77AF1A526667}
	EndGlobalSection
EndGlobal
