
Microsoft Visual Studio Solution File, Format Version 12.00
# Visual Studio 14
VisualStudioVersion = 14.0.25420.1
MinimumVisualStudioVersion = 10.0.40219.1
Project("{FAE04EC0-301F-11D3-BF4B-00C04F79EFBC}") = "gau-encounterdetection", "gau-encounterdetection\gau-encounterdetection.csproj", "{A36A9504-DD34-4C5C-A1E5-BFF7528344F0}"
EndProject
Project("{FAE04EC0-301F-11D3-BF4B-00C04F79EFBC}") = "gau-encounterdetection-testing", "gau-encounterdetection-testing\gau-encounterdetection-testing.csproj", "{A610B179-882F-4DE5-AF4D-92799B1ECB41}"
EndProject
Global
	GlobalSection(SolutionConfigurationPlatforms) = preSolution
		Debug|Any CPU = Debug|Any CPU
		Release|Any CPU = Release|Any CPU
	EndGlobalSection
	GlobalSection(ProjectConfigurationPlatforms) = postSolution
		{A36A9504-DD34-4C5C-A1E5-BFF7528344F0}.Debug|Any CPU.ActiveCfg = Debug|Any CPU
		{A36A9504-DD34-4C5C-A1E5-BFF7528344F0}.Debug|Any CPU.Build.0 = Debug|Any CPU
		{A36A9504-DD34-4C5C-A1E5-BFF7528344F0}.Release|Any CPU.ActiveCfg = Release|Any CPU
		{A36A9504-DD34-4C5C-A1E5-BFF7528344F0}.Release|Any CPU.Build.0 = Release|Any CPU
		{A610B179-882F-4DE5-AF4D-92799B1ECB41}.Debug|Any CPU.ActiveCfg = Debug|Any CPU
		{A610B179-882F-4DE5-AF4D-92799B1ECB41}.Debug|Any CPU.Build.0 = Debug|Any CPU
		{A610B179-882F-4DE5-AF4D-92799B1ECB41}.Release|Any CPU.ActiveCfg = Release|Any CPU
		{A610B179-882F-4DE5-AF4D-92799B1ECB41}.Release|Any CPU.Build.0 = Release|Any CPU
	EndGlobalSection
	GlobalSection(SolutionProperties) = preSolution
		HideSolutionNode = FALSE
	EndGlobalSection
EndGlobal
